{
  "requires": true,
  "lockfileVersion": 1,
  "dependencies": {
    "deltapapasierra-frame-print": {
      "version": "1.0.0",
      "resolved": "https://registry.npmjs.org/deltapapasierra-frame-print/-/deltapapasierra-frame-print-1.0.0.tgz",
      "integrity": "sha512-TERUp0nQhmCy7x07q6fRrhvhjvHECy5RUyVzW4zn4lKo/Khfrdg0LPY/arL6tTCM2j7//NlPCpkdO9bKWKptUA=="
    }
  }
}
